// !$*UTF8*$!
{
	archiveVersion = 1;
	classes = {
	};
	objectVersion = 46;
	objects = {

/* Begin PBXBuildFile section */
		AF7D266B1D7C3E270027CEC5 /* AppDelegate.swift in Sources */ = {isa = PBXBuildFile; fileRef = AF7D266A1D7C3E270027CEC5 /* AppDelegate.swift */; };
		AF7D266D1D7C3E270027CEC5 /* ViewController.swift in Sources */ = {isa = PBXBuildFile; fileRef = AF7D266C1D7C3E270027CEC5 /* ViewController.swift */; };
		AF7D26701D7C3E270027CEC5 /* Main.storyboard in Resources */ = {isa = PBXBuildFile; fileRef = AF7D266E1D7C3E270027CEC5 /* Main.storyboard */; };
		AF7D26721D7C3E270027CEC5 /* Assets.xcassets in Resources */ = {isa = PBXBuildFile; fileRef = AF7D26711D7C3E270027CEC5 /* Assets.xcassets */; };
		AF7D26751D7C3E270027CEC5 /* LaunchScreen.storyboard in Resources */ = {isa = PBXBuildFile; fileRef = AF7D26731D7C3E270027CEC5 /* LaunchScreen.storyboard */; };
		AF7D26801D7C3E270027CEC5 /* StreamAndKeepTests.swift in Sources */ = {isa = PBXBuildFile; fileRef = AF7D267F1D7C3E270027CEC5 /* StreamAndKeepTests.swift */; };
		AF7D268B1D7C3E270027CEC5 /* StreamAndKeepUITests.swift in Sources */ = {isa = PBXBuildFile; fileRef = AF7D268A1D7C3E270027CEC5 /* StreamAndKeepUITests.swift */; };
		AF7D269A1D7C70710027CEC5 /* lf.framework in Frameworks */ = {isa = PBXBuildFile; fileRef = AF7D26981D7C70710027CEC5 /* lf.framework */; };
		AF7D269B1D7C70710027CEC5 /* XCGLogger.framework in Frameworks */ = {isa = PBXBuildFile; fileRef = AF7D26991D7C70710027CEC5 /* XCGLogger.framework */; };
		AFC9789D1D7C7DDA004666A4 /* UIViewExtension.swift in Sources */ = {isa = PBXBuildFile; fileRef = AFC9789C1D7C7DDA004666A4 /* UIViewExtension.swift */; };
		AFC9789E1D7C7DDA004666A4 /* UIViewExtension.swift in Sources */ = {isa = PBXBuildFile; fileRef = AFC9789C1D7C7DDA004666A4 /* UIViewExtension.swift */; };
		AFC9789F1D7C7DDA004666A4 /* UIViewExtension.swift in Sources */ = {isa = PBXBuildFile; fileRef = AFC9789C1D7C7DDA004666A4 /* UIViewExtension.swift */; };
/* End PBXBuildFile section */

/* Begin PBXContainerItemProxy section */
		AF7D267C1D7C3E270027CEC5 /* PBXContainerItemProxy */ = {
			isa = PBXContainerItemProxy;
			containerPortal = AF7D265F1D7C3E270027CEC5 /* Project object */;
			proxyType = 1;
			remoteGlobalIDString = AF7D26661D7C3E270027CEC5;
			remoteInfo = StreamAndKeep;
		};
		AF7D26871D7C3E270027CEC5 /* PBXContainerItemProxy */ = {
			isa = PBXContainerItemProxy;
			containerPortal = AF7D265F1D7C3E270027CEC5 /* Project object */;
			proxyType = 1;
			remoteGlobalIDString = AF7D26661D7C3E270027CEC5;
			remoteInfo = StreamAndKeep;
		};
/* End PBXContainerItemProxy section */

/* Begin PBXFileReference section */
		AF7D26671D7C3E270027CEC5 /* StreamAndKeep.app */ = {isa = PBXFileReference; explicitFileType = wrapper.application; includeInIndex = 0; path = StreamAndKeep.app; sourceTree = BUILT_PRODUCTS_DIR; };
		AF7D266A1D7C3E270027CEC5 /* AppDelegate.swift */ = {isa = PBXFileReference; lastKnownFileType = sourcecode.swift; path = AppDelegate.swift; sourceTree = "<group>"; };
		AF7D266C1D7C3E270027CEC5 /* ViewController.swift */ = {isa = PBXFileReference; lastKnownFileType = sourcecode.swift; path = ViewController.swift; sourceTree = "<group>"; };
		AF7D266F1D7C3E270027CEC5 /* Base */ = {isa = PBXFileReference; lastKnownFileType = file.storyboard; name = Base; path = Base.lproj/Main.storyboard; sourceTree = "<group>"; };
		AF7D26711D7C3E270027CEC5 /* Assets.xcassets */ = {isa = PBXFileReference; lastKnownFileType = folder.assetcatalog; path = Assets.xcassets; sourceTree = "<group>"; };
		AF7D26741D7C3E270027CEC5 /* Base */ = {isa = PBXFileReference; lastKnownFileType = file.storyboard; name = Base; path = Base.lproj/LaunchScreen.storyboard; sourceTree = "<group>"; };
		AF7D26761D7C3E270027CEC5 /* Info.plist */ = {isa = PBXFileReference; lastKnownFileType = text.plist.xml; path = Info.plist; sourceTree = "<group>"; };
		AF7D267B1D7C3E270027CEC5 /* StreamAndKeepTests.xctest */ = {isa = PBXFileReference; explicitFileType = wrapper.cfbundle; includeInIndex = 0; path = StreamAndKeepTests.xctest; sourceTree = BUILT_PRODUCTS_DIR; };
		AF7D267F1D7C3E270027CEC5 /* StreamAndKeepTests.swift */ = {isa = PBXFileReference; lastKnownFileType = sourcecode.swift; path = StreamAndKeepTests.swift; sourceTree = "<group>"; };
		AF7D26811D7C3E270027CEC5 /* Info.plist */ = {isa = PBXFileReference; lastKnownFileType = text.plist.xml; path = Info.plist; sourceTree = "<group>"; };
		AF7D26861D7C3E270027CEC5 /* StreamAndKeepUITests.xctest */ = {isa = PBXFileReference; explicitFileType = wrapper.cfbundle; includeInIndex = 0; path = StreamAndKeepUITests.xctest; sourceTree = BUILT_PRODUCTS_DIR; };
		AF7D268A1D7C3E270027CEC5 /* StreamAndKeepUITests.swift */ = {isa = PBXFileReference; lastKnownFileType = sourcecode.swift; path = StreamAndKeepUITests.swift; sourceTree = "<group>"; };
		AF7D268C1D7C3E270027CEC5 /* Info.plist */ = {isa = PBXFileReference; lastKnownFileType = text.plist.xml; path = Info.plist; sourceTree = "<group>"; };
		AF7D26981D7C70710027CEC5 /* lf.framework */ = {isa = PBXFileReference; lastKnownFileType = wrapper.framework; name = lf.framework; path = Carthage/Build/iOS/lf.framework; sourceTree = "<group>"; };
		AF7D26991D7C70710027CEC5 /* XCGLogger.framework */ = {isa = PBXFileReference; lastKnownFileType = wrapper.framework; name = XCGLogger.framework; path = Carthage/Build/iOS/XCGLogger.framework; sourceTree = "<group>"; };
		AFC9789C1D7C7DDA004666A4 /* UIViewExtension.swift */ = {isa = PBXFileReference; fileEncoding = 4; lastKnownFileType = sourcecode.swift; path = UIViewExtension.swift; sourceTree = "<group>"; };
/* End PBXFileReference section */

/* Begin PBXFrameworksBuildPhase section */
		AF7D26641D7C3E270027CEC5 /* Frameworks */ = {
			isa = PBXFrameworksBuildPhase;
			buildActionMask = 2147483647;
			files = (
				AF7D269A1D7C70710027CEC5 /* lf.framework in Frameworks */,
				AF7D269B1D7C70710027CEC5 /* XCGLogger.framework in Frameworks */,
			);
			runOnlyForDeploymentPostprocessing = 0;
		};
		AF7D26781D7C3E270027CEC5 /* Frameworks */ = {
			isa = PBXFrameworksBuildPhase;
			buildActionMask = 2147483647;
			files = (
			);
			runOnlyForDeploymentPostprocessing = 0;
		};
		AF7D26831D7C3E270027CEC5 /* Frameworks */ = {
			isa = PBXFrameworksBuildPhase;
			buildActionMask = 2147483647;
			files = (
			);
			runOnlyForDeploymentPostprocessing = 0;
		};
/* End PBXFrameworksBuildPhase section */

/* Begin PBXGroup section */
		AF7D265E1D7C3E270027CEC5 = {
			isa = PBXGroup;
			children = (
				AF7D26691D7C3E270027CEC5 /* StreamAndKeep */,
				AF7D267E1D7C3E270027CEC5 /* StreamAndKeepTests */,
				AF7D26891D7C3E270027CEC5 /* StreamAndKeepUITests */,
				AF7D269D1D7C70E10027CEC5 /* Frameworks */,
				AF7D26681D7C3E270027CEC5 /* Products */,
			);
			sourceTree = "<group>";
		};
		AF7D26681D7C3E270027CEC5 /* Products */ = {
			isa = PBXGroup;
			children = (
				AF7D26671D7C3E270027CEC5 /* StreamAndKeep.app */,
				AF7D267B1D7C3E270027CEC5 /* StreamAndKeepTests.xctest */,
				AF7D26861D7C3E270027CEC5 /* StreamAndKeepUITests.xctest */,
			);
			name = Products;
			sourceTree = "<group>";
		};
		AF7D26691D7C3E270027CEC5 /* StreamAndKeep */ = {
			isa = PBXGroup;
			children = (
				AF7D266A1D7C3E270027CEC5 /* AppDelegate.swift */,
				AF7D266C1D7C3E270027CEC5 /* ViewController.swift */,
				AF7D266E1D7C3E270027CEC5 /* Main.storyboard */,
				AF7D26711D7C3E270027CEC5 /* Assets.xcassets */,
				AF7D26731D7C3E270027CEC5 /* LaunchScreen.storyboard */,
				AF7D26761D7C3E270027CEC5 /* Info.plist */,
				AFC9789C1D7C7DDA004666A4 /* UIViewExtension.swift */,
			);
			path = StreamAndKeep;
			sourceTree = "<group>";
		};
		AF7D267E1D7C3E270027CEC5 /* StreamAndKeepTests */ = {
			isa = PBXGroup;
			children = (
				AF7D267F1D7C3E270027CEC5 /* StreamAndKeepTests.swift */,
				AF7D26811D7C3E270027CEC5 /* Info.plist */,
			);
			path = StreamAndKeepTests;
			sourceTree = "<group>";
		};
		AF7D26891D7C3E270027CEC5 /* StreamAndKeepUITests */ = {
			isa = PBXGroup;
			children = (
				AF7D268A1D7C3E270027CEC5 /* StreamAndKeepUITests.swift */,
				AF7D268C1D7C3E270027CEC5 /* Info.plist */,
			);
			path = StreamAndKeepUITests;
			sourceTree = "<group>";
		};
		AF7D269D1D7C70E10027CEC5 /* Frameworks */ = {
			isa = PBXGroup;
			children = (
				AF7D26981D7C70710027CEC5 /* lf.framework */,
				AF7D26991D7C70710027CEC5 /* XCGLogger.framework */,
			);
			name = Frameworks;
			sourceTree = "<group>";
		};
/* End PBXGroup section */

/* Begin PBXNativeTarget section */
		AF7D26661D7C3E270027CEC5 /* StreamAndKeep */ = {
			isa = PBXNativeTarget;
			buildConfigurationList = AF7D268F1D7C3E270027CEC5 /* Build configuration list for PBXNativeTarget "StreamAndKeep" */;
			buildPhases = (
				AF7D26631D7C3E270027CEC5 /* Sources */,
				AF7D26641D7C3E270027CEC5 /* Frameworks */,
				AF7D26651D7C3E270027CEC5 /* Resources */,
				AF7D269C1D7C707E0027CEC5 /* ShellScript */,
			);
			buildRules = (
			);
			dependencies = (
			);
			name = StreamAndKeep;
			productName = StreamAndKeep;
			productReference = AF7D26671D7C3E270027CEC5 /* StreamAndKeep.app */;
			productType = "com.apple.product-type.application";
		};
		AF7D267A1D7C3E270027CEC5 /* StreamAndKeepTests */ = {
			isa = PBXNativeTarget;
			buildConfigurationList = AF7D26921D7C3E270027CEC5 /* Build configuration list for PBXNativeTarget "StreamAndKeepTests" */;
			buildPhases = (
				AF7D26771D7C3E270027CEC5 /* Sources */,
				AF7D26781D7C3E270027CEC5 /* Frameworks */,
				AF7D26791D7C3E270027CEC5 /* Resources */,
			);
			buildRules = (
			);
			dependencies = (
				AF7D267D1D7C3E270027CEC5 /* PBXTargetDependency */,
			);
			name = StreamAndKeepTests;
			productName = StreamAndKeepTests;
			productReference = AF7D267B1D7C3E270027CEC5 /* StreamAndKeepTests.xctest */;
			productType = "com.apple.product-type.bundle.unit-test";
		};
		AF7D26851D7C3E270027CEC5 /* StreamAndKeepUITests */ = {
			isa = PBXNativeTarget;
			buildConfigurationList = AF7D26951D7C3E270027CEC5 /* Build configuration list for PBXNativeTarget "StreamAndKeepUITests" */;
			buildPhases = (
				AF7D26821D7C3E270027CEC5 /* Sources */,
				AF7D26831D7C3E270027CEC5 /* Frameworks */,
				AF7D26841D7C3E270027CEC5 /* Resources */,
			);
			buildRules = (
			);
			dependencies = (
				AF7D26881D7C3E270027CEC5 /* PBXTargetDependency */,
			);
			name = StreamAndKeepUITests;
			productName = StreamAndKeepUITests;
			productReference = AF7D26861D7C3E270027CEC5 /* StreamAndKeepUITests.xctest */;
			productType = "com.apple.product-type.bundle.ui-testing";
		};
/* End PBXNativeTarget section */

/* Begin PBXProject section */
		AF7D265F1D7C3E270027CEC5 /* Project object */ = {
			isa = PBXProject;
			attributes = {
				LastSwiftUpdateCheck = 0730;
				LastUpgradeCheck = 0730;
				ORGANIZATIONNAME = "Pavlos Vinieratos";
				TargetAttributes = {
					AF7D26661D7C3E270027CEC5 = {
						CreatedOnToolsVersion = 7.3.1;
						DevelopmentTeam = CAG2W9M777;
					};
					AF7D267A1D7C3E270027CEC5 = {
						CreatedOnToolsVersion = 7.3.1;
						DevelopmentTeam = CAG2W9M777;
						TestTargetID = AF7D26661D7C3E270027CEC5;
					};
					AF7D26851D7C3E270027CEC5 = {
						CreatedOnToolsVersion = 7.3.1;
						DevelopmentTeam = CAG2W9M777;
						TestTargetID = AF7D26661D7C3E270027CEC5;
					};
				};
			};
			buildConfigurationList = AF7D26621D7C3E270027CEC5 /* Build configuration list for PBXProject "StreamAndKeep" */;
			compatibilityVersion = "Xcode 3.2";
			developmentRegion = English;
			hasScannedForEncodings = 0;
			knownRegions = (
				en,
				Base,
			);
			mainGroup = AF7D265E1D7C3E270027CEC5;
			productRefGroup = AF7D26681D7C3E270027CEC5 /* Products */;
			projectDirPath = "";
			projectRoot = "";
			targets = (
				AF7D26661D7C3E270027CEC5 /* StreamAndKeep */,
				AF7D267A1D7C3E270027CEC5 /* StreamAndKeepTests */,
				AF7D26851D7C3E270027CEC5 /* StreamAndKeepUITests */,
			);
		};
/* End PBXProject section */

/* Begin PBXResourcesBuildPhase section */
		AF7D26651D7C3E270027CEC5 /* Resources */ = {
			isa = PBXResourcesBuildPhase;
			buildActionMask = 2147483647;
			files = (
				AF7D26751D7C3E270027CEC5 /* LaunchScreen.storyboard in Resources */,
				AF7D26721D7C3E270027CEC5 /* Assets.xcassets in Resources */,
				AF7D26701D7C3E270027CEC5 /* Main.storyboard in Resources */,
			);
			runOnlyForDeploymentPostprocessing = 0;
		};
		AF7D26791D7C3E270027CEC5 /* Resources */ = {
			isa = PBXResourcesBuildPhase;
			buildActionMask = 2147483647;
			files = (
			);
			runOnlyForDeploymentPostprocessing = 0;
		};
		AF7D26841D7C3E270027CEC5 /* Resources */ = {
			isa = PBXResourcesBuildPhase;
			buildActionMask = 2147483647;
			files = (
			);
			runOnlyForDeploymentPostprocessing = 0;
		};
/* End PBXResourcesBuildPhase section */

/* Begin PBXShellScriptBuildPhase section */
		AF7D269C1D7C707E0027CEC5 /* ShellScript */ = {
			isa = PBXShellScriptBuildPhase;
			buildActionMask = 2147483647;
			files = (
			);
			inputPaths = (
				"$(SRCROOT)/Carthage/Build/iOS/lf.framework",
				"$(SRCROOT)/Carthage/Build/iOS/XCGLogger.framework",
			);
			outputPaths = (
			);
			runOnlyForDeploymentPostprocessing = 0;
			shellPath = /bin/sh;
			shellScript = "/usr/local/bin/carthage copy-frameworks";
		};
/* End PBXShellScriptBuildPhase section */

/* Begin PBXSourcesBuildPhase section */
		AF7D26631D7C3E270027CEC5 /* Sources */ = {
			isa = PBXSourcesBuildPhase;
			buildActionMask = 2147483647;
			files = (
				AF7D266D1D7C3E270027CEC5 /* ViewController.swift in Sources */,
				AFC9789D1D7C7DDA004666A4 /* UIViewExtension.swift in Sources */,
				AF7D266B1D7C3E270027CEC5 /* AppDelegate.swift in Sources */,
			);
			runOnlyForDeploymentPostprocessing = 0;
		};
		AF7D26771D7C3E270027CEC5 /* Sources */ = {
			isa = PBXSourcesBuildPhase;
			buildActionMask = 2147483647;
			files = (
				AFC9789E1D7C7DDA004666A4 /* UIViewExtension.swift in Sources */,
				AF7D26801D7C3E270027CEC5 /* StreamAndKeepTests.swift in Sources */,
			);
			runOnlyForDeploymentPostprocessing = 0;
		};
		AF7D26821D7C3E270027CEC5 /* Sources */ = {
			isa = PBXSourcesBuildPhase;
			buildActionMask = 2147483647;
			files = (
				AFC9789F1D7C7DDA004666A4 /* UIViewExtension.swift in Sources */,
				AF7D268B1D7C3E270027CEC5 /* StreamAndKeepUITests.swift in Sources */,
			);
			runOnlyForDeploymentPostprocessing = 0;
		};
/* End PBXSourcesBuildPhase section */

/* Begin PBXTargetDependency section */
		AF7D267D1D7C3E270027CEC5 /* PBXTargetDependency */ = {
			isa = PBXTargetDependency;
			target = AF7D26661D7C3E270027CEC5 /* StreamAndKeep */;
			targetProxy = AF7D267C1D7C3E270027CEC5 /* PBXContainerItemProxy */;
		};
		AF7D26881D7C3E270027CEC5 /* PBXTargetDependency */ = {
			isa = PBXTargetDependency;
			target = AF7D26661D7C3E270027CEC5 /* StreamAndKeep */;
			targetProxy = AF7D26871D7C3E270027CEC5 /* PBXContainerItemProxy */;
		};
/* End PBXTargetDependency section */

/* Begin PBXVariantGroup section */
		AF7D266E1D7C3E270027CEC5 /* Main.storyboard */ = {
			isa = PBXVariantGroup;
			children = (
				AF7D266F1D7C3E270027CEC5 /* Base */,
			);
			name = Main.storyboard;
			sourceTree = "<group>";
		};
		AF7D26731D7C3E270027CEC5 /* LaunchScreen.storyboard */ = {
			isa = PBXVariantGroup;
			children = (
				AF7D26741D7C3E270027CEC5 /* Base */,
			);
			name = LaunchScreen.storyboard;
			sourceTree = "<group>";
		};
/* End PBXVariantGroup section */

/* Begin XCBuildConfiguration section */
		AF7D268D1D7C3E270027CEC5 /* Debug */ = {
			isa = XCBuildConfiguration;
			buildSettings = {
				ALWAYS_SEARCH_USER_PATHS = NO;
				CLANG_ANALYZER_NONNULL = YES;
				CLANG_CXX_LANGUAGE_STANDARD = "gnu++0x";
				CLANG_CXX_LIBRARY = "libc++";
				CLANG_ENABLE_MODULES = YES;
				CLANG_ENABLE_OBJC_ARC = YES;
				CLANG_WARN_BOOL_CONVERSION = YES;
				CLANG_WARN_CONSTANT_CONVERSION = YES;
				CLANG_WARN_DIRECT_OBJC_ISA_USAGE = YES_ERROR;
				CLANG_WARN_EMPTY_BODY = YES;
				CLANG_WARN_ENUM_CONVERSION = YES;
				CLANG_WARN_INT_CONVERSION = YES;
				CLANG_WARN_OBJC_ROOT_CLASS = YES_ERROR;
				CLANG_WARN_UNREACHABLE_CODE = YES;
				CLANG_WARN__DUPLICATE_METHOD_MATCH = YES;
				"CODE_SIGN_IDENTITY[sdk=iphoneos*]" = "iPhone Developer";
				COPY_PHASE_STRIP = NO;
				DEBUG_INFORMATION_FORMAT = dwarf;
				ENABLE_STRICT_OBJC_MSGSEND = YES;
				ENABLE_TESTABILITY = YES;
				GCC_C_LANGUAGE_STANDARD = gnu99;
				GCC_DYNAMIC_NO_PIC = NO;
				GCC_NO_COMMON_BLOCKS = YES;
				GCC_OPTIMIZATION_LEVEL = 0;
				GCC_PREPROCESSOR_DEFINITIONS = (
					"DEBUG=1",
					"$(inherited)",
				);
				GCC_WARN_64_TO_32_BIT_CONVERSION = YES;
				GCC_WARN_ABOUT_RETURN_TYPE = YES_ERROR;
				GCC_WARN_UNDECLARED_SELECTOR = YES;
				GCC_WARN_UNINITIALIZED_AUTOS = YES_AGGRESSIVE;
				GCC_WARN_UNUSED_FUNCTION = YES;
				GCC_WARN_UNUSED_VARIABLE = YES;
				IPHONEOS_DEPLOYMENT_TARGET = 9.3;
				MTL_ENABLE_DEBUG_INFO = YES;
				ONLY_ACTIVE_ARCH = YES;
				SDKROOT = iphoneos;
				SWIFT_OPTIMIZATION_LEVEL = "-Onone";
				TARGETED_DEVICE_FAMILY = "1,2";
			};
			name = Debug;
		};
		AF7D268E1D7C3E270027CEC5 /* Release */ = {
			isa = XCBuildConfiguration;
			buildSettings = {
				ALWAYS_SEARCH_USER_PATHS = NO;
				CLANG_ANALYZER_NONNULL = YES;
				CLANG_CXX_LANGUAGE_STANDARD = "gnu++0x";
				CLANG_CXX_LIBRARY = "libc++";
				CLANG_ENABLE_MODULES = YES;
				CLANG_ENABLE_OBJC_ARC = YES;
				CLANG_WARN_BOOL_CONVERSION = YES;
				CLANG_WARN_CONSTANT_CONVERSION = YES;
				CLANG_WARN_DIRECT_OBJC_ISA_USAGE = YES_ERROR;
				CLANG_WARN_EMPTY_BODY = YES;
				CLANG_WARN_ENUM_CONVERSION = YES;
				CLANG_WARN_INT_CONVERSION = YES;
				CLANG_WARN_OBJC_ROOT_CLASS = YES_ERROR;
				CLANG_WARN_UNREACHABLE_CODE = YES;
				CLANG_WARN__DUPLICATE_METHOD_MATCH = YES;
				"CODE_SIGN_IDENTITY[sdk=iphoneos*]" = "iPhone Developer";
				COPY_PHASE_STRIP = NO;
				DEBUG_INFORMATION_FORMAT = "dwarf-with-dsym";
				ENABLE_NS_ASSERTIONS = NO;
				ENABLE_STRICT_OBJC_MSGSEND = YES;
				GCC_C_LANGUAGE_STANDARD = gnu99;
				GCC_NO_COMMON_BLOCKS = YES;
				GCC_WARN_64_TO_32_BIT_CONVERSION = YES;
				GCC_WARN_ABOUT_RETURN_TYPE = YES_ERROR;
				GCC_WARN_UNDECLARED_SELECTOR = YES;
				GCC_WARN_UNINITIALIZED_AUTOS = YES_AGGRESSIVE;
				GCC_WARN_UNUSED_FUNCTION = YES;
				GCC_WARN_UNUSED_VARIABLE = YES;
				IPHONEOS_DEPLOYMENT_TARGET = 9.3;
				MTL_ENABLE_DEBUG_INFO = NO;
				SDKROOT = iphoneos;
				TARGETED_DEVICE_FAMILY = "1,2";
				VALIDATE_PRODUCT = YES;
			};
			name = Release;
		};
		AF7D26901D7C3E270027CEC5 /* Debug */ = {
			isa = XCBuildConfiguration;
			buildSettings = {
				ASSETCATALOG_COMPILER_APPICON_NAME = AppIcon;
				FRAMEWORK_SEARCH_PATHS = (
					"$(inherited)",
					"$(PROJECT_DIR)/Carthage/Build/iOS",
				);
				INFOPLIST_FILE = StreamAndKeep/Info.plist;
				LD_RUNPATH_SEARCH_PATHS = "$(inherited) @executable_path/Frameworks";
				PRODUCT_BUNDLE_IDENTIFIER = is.pvin.StreamAndKeep;
				PRODUCT_NAME = "$(TARGET_NAME)";
			};
			name = Debug;
		};
		AF7D26911D7C3E270027CEC5 /* Release */ = {
			isa = XCBuildConfiguration;
			buildSettings = {
				ASSETCATALOG_COMPILER_APPICON_NAME = AppIcon;
				FRAMEWORK_SEARCH_PATHS = (
					"$(inherited)",
					"$(PROJECT_DIR)/Carthage/Build/iOS",
				);
				INFOPLIST_FILE = StreamAndKeep/Info.plist;
				LD_RUNPATH_SEARCH_PATHS = "$(inherited) @executable_path/Frameworks";
				PRODUCT_BUNDLE_IDENTIFIER = is.pvin.StreamAndKeep;
				PRODUCT_NAME = "$(TARGET_NAME)";
			};
			name = Release;
		};
		AF7D26931D7C3E270027CEC5 /* Debug */ = {
			isa = XCBuildConfiguration;
			buildSettings = {
				BUNDLE_LOADER = "$(TEST_HOST)";
				INFOPLIST_FILE = StreamAndKeepTests/Info.plist;
				LD_RUNPATH_SEARCH_PATHS = "$(inherited) @executable_path/Frameworks @loader_path/Frameworks";
				PRODUCT_BUNDLE_IDENTIFIER = is.pvin.StreamAndKeepTests;
				PRODUCT_NAME = "$(TARGET_NAME)";
				TEST_HOST = "$(BUILT_PRODUCTS_DIR)/StreamAndKeep.app/StreamAndKeep";
			};
			name = Debug;
		};
		AF7D26941D7C3E270027CEC5 /* Release */ = {
			isa = XCBuildConfiguration;
			buildSettings = {
				BUNDLE_LOADER = "$(TEST_HOST)";
				INFOPLIST_FILE = StreamAndKeepTests/Info.plist;
				LD_RUNPATH_SEARCH_PATHS = "$(inherited) @executable_path/Frameworks @loader_path/Frameworks";
				PRODUCT_BUNDLE_IDENTIFIER = is.pvin.StreamAndKeepTests;
				PRODUCT_NAME = "$(TARGET_NAME)";
				TEST_HOST = "$(BUILT_PRODUCTS_DIR)/StreamAndKeep.app/StreamAndKeep";
			};
			name = Release;
		};
		AF7D26961D7C3E270027CEC5 /* Debug */ = {
			isa = XCBuildConfiguration;
			buildSettings = {
				INFOPLIST_FILE = StreamAndKeepUITests/Info.plist;
				LD_RUNPATH_SEARCH_PATHS = "$(inherited) @executable_path/Frameworks @loader_path/Frameworks";
				PRODUCT_BUNDLE_IDENTIFIER = is.pvin.StreamAndKeepUITests;
				PRODUCT_NAME = "$(TARGET_NAME)";
				TEST_TARGET_NAME = StreamAndKeep;
			};
			name = Debug;
		};
		AF7D26971D7C3E270027CEC5 /* Release */ = {
			isa = XCBuildConfiguration;
			buildSettings = {
				INFOPLIST_FILE = StreamAndKeepUITests/Info.plist;
				LD_RUNPATH_SEARCH_PATHS = "$(inherited) @executable_path/Frameworks @loader_path/Frameworks";
				PRODUCT_BUNDLE_IDENTIFIER = is.pvin.StreamAndKeepUITests;
				PRODUCT_NAME = "$(TARGET_NAME)";
				TEST_TARGET_NAME = StreamAndKeep;
			};
			name = Release;
		};
/* End XCBuildConfiguration section */

/* Begin XCConfigurationList section */
		AF7D26621D7C3E270027CEC5 /* Build configuration list for PBXProject "StreamAndKeep" */ = {
			isa = XCConfigurationList;
			buildConfigurations = (
				AF7D268D1D7C3E270027CEC5 /* Debug */,
				AF7D268E1D7C3E270027CEC5 /* Release */,
			);
			defaultConfigurationIsVisible = 0;
			defaultConfigurationName = Release;
		};
		AF7D268F1D7C3E270027CEC5 /* Build configuration list for PBXNativeTarget "StreamAndKeep" */ = {
			isa = XCConfigurationList;
			buildConfigurations = (
				AF7D26901D7C3E270027CEC5 /* Debug */,
				AF7D26911D7C3E270027CEC5 /* Release */,
			);
			defaultConfigurationIsVisible = 0;
			defaultConfigurationName = Release;
		};
		AF7D26921D7C3E270027CEC5 /* Build configuration list for PBXNativeTarget "StreamAndKeepTests" */ = {
			isa = XCConfigurationList;
			buildConfigurations = (
				AF7D26931D7C3E270027CEC5 /* Debug */,
				AF7D26941D7C3E270027CEC5 /* Release */,
			);
			defaultConfigurationIsVisible = 0;
			defaultConfigurationName = Release;
		};
		AF7D26951D7C3E270027CEC5 /* Build configuration list for PBXNativeTarget "StreamAndKeepUITests" */ = {
			isa = XCConfigurationList;
			buildConfigurations = (
				AF7D26961D7C3E270027CEC5 /* Debug */,
				AF7D26971D7C3E270027CEC5 /* Release */,
			);
			defaultConfigurationIsVisible = 0;
			defaultConfigurationName = Release;
		};
/* End XCConfigurationList section */
	};
	rootObject = AF7D265F1D7C3E270027CEC5 /* Project object */;
}
